
Microsoft Visual Studio Solution File, Format Version 12.00
# Visual Studio Version 17
VisualStudioVersion = 17.10.35027.167
MinimumVisualStudioVersion = 10.0.40219.1
Project("{FAE04EC0-301F-11D3-BF4B-00C04F79EFBC}") = "TP3_Obligatorio", "TP3_Obligatorio.csproj", "{4D5FE4FC-2B8D-480C-A49A-EBF8CC67D5F4}"
EndProject
Global
	GlobalSection(SolutionConfigurationPlatforms) = preSolution
		Debug|Any CPU = Debug|Any CPU
		Release|Any CPU = Release|Any CPU
	EndGlobalSection
	GlobalSection(ProjectConfigurationPlatforms) = postSolution
		{4D5FE4FC-2B8D-480C-A49A-EBF8CC67D5F4}.Debug|Any CPU.ActiveCfg = Debug|Any CPU
		{4D5FE4FC-2B8D-480C-A49A-EBF8CC67D5F4}.Debug|Any CPU.Build.0 = Debug|Any CPU
		{4D5FE4FC-2B8D-480C-A49A-EBF8CC67D5F4}.Release|Any CPU.ActiveCfg = Release|Any CPU
		{4D5FE4FC-2B8D-480C-A49A-EBF8CC67D5F4}.Release|Any CPU.Build.0 = Release|Any CPU
	EndGlobalSection
	GlobalSection(SolutionProperties) = preSolution
		HideSolutionNode = FALSE
	EndGlobalSection
	GlobalSection(ExtensibilityGlobals) = postSolution
		SolutionGuid = {192AF75A-114E-4FE3-8192-1F9FDA1C3A75}
	EndGlobalSection
EndGlobal
